
Microsoft Visual Studio Solution File, Format Version 12.00
# Visual Studio 15
VisualStudioVersion = 15.0.28307.421
MinimumVisualStudioVersion = 10.0.40219.1
Project("{FAE04EC0-301F-11D3-BF4B-00C04F79EFBC}") = "Webszinkron", "Webszinkron\Webszinkron.csproj", "{66E34F9B-E246-43F0-9AF1-ED363918FCB8}"
EndProject
Project("{FAE04EC0-301F-11D3-BF4B-00C04F79EFBC}") = "Database", "Database\Database.csproj", "{8BB1055E-C9F5-4C3F-ACBD-5FDF37EA93CF}"
EndProject
Project("{FAE04EC0-301F-11D3-BF4B-00C04F79EFBC}") = "Crypting", "Crypting\Crypting.csproj", "{32227C43-5B1A-4FE7-B981-034F5D9678C7}"
EndProject
Project("{FAE04EC0-301F-11D3-BF4B-00C04F79EFBC}") = "Configuration", "Configuration\Configuration.csproj", "{2D85953F-369D-4872-AC92-A5A92450F46E}"
EndProject
Project("{FAE04EC0-301F-11D3-BF4B-00C04F79EFBC}") = "EHandler", "EHandler\EHandler.csproj", "{2D94EC09-2860-4CBA-B9AF-804DC6B54828}"
EndProject
Project("{FAE04EC0-301F-11D3-BF4B-00C04F79EFBC}") = "Datum", "Datum\Datum.csproj", "{7647CC87-5ADC-4E9B-85D0-81B49E61CC47}"
EndProject
Project("{FAE04EC0-301F-11D3-BF4B-00C04F79EFBC}") = "WebSync", "WebSync\WebSync.csproj", "{2D76D9A1-04D1-4F88-BB77-3420B309DFA1}"
EndProject
Global
	GlobalSection(SolutionConfigurationPlatforms) = preSolution
		Debug|Any CPU = Debug|Any CPU
		Debug|x64 = Debug|x64
		Release|Any CPU = Release|Any CPU
		Release|x64 = Release|x64
	EndGlobalSection
	GlobalSection(ProjectConfigurationPlatforms) = postSolution
		{66E34F9B-E246-43F0-9AF1-ED363918FCB8}.Debug|Any CPU.ActiveCfg = Debug|Any CPU
		{66E34F9B-E246-43F0-9AF1-ED363918FCB8}.Debug|Any CPU.Build.0 = Debug|Any CPU
		{66E34F9B-E246-43F0-9AF1-ED363918FCB8}.Debug|x64.ActiveCfg = Debug|x64
		{66E34F9B-E246-43F0-9AF1-ED363918FCB8}.Debug|x64.Build.0 = Debug|x64
		{66E34F9B-E246-43F0-9AF1-ED363918FCB8}.Release|Any CPU.ActiveCfg = Release|Any CPU
		{66E34F9B-E246-43F0-9AF1-ED363918FCB8}.Release|Any CPU.Build.0 = Release|Any CPU
		{66E34F9B-E246-43F0-9AF1-ED363918FCB8}.Release|x64.ActiveCfg = Release|x64
		{66E34F9B-E246-43F0-9AF1-ED363918FCB8}.Release|x64.Build.0 = Release|x64
		{8BB1055E-C9F5-4C3F-ACBD-5FDF37EA93CF}.Debug|Any CPU.ActiveCfg = Debug|Any CPU
		{8BB1055E-C9F5-4C3F-ACBD-5FDF37EA93CF}.Debug|Any CPU.Build.0 = Debug|Any CPU
		{8BB1055E-C9F5-4C3F-ACBD-5FDF37EA93CF}.Debug|x64.ActiveCfg = Debug|x64
		{8BB1055E-C9F5-4C3F-ACBD-5FDF37EA93CF}.Debug|x64.Build.0 = Debug|x64
		{8BB1055E-C9F5-4C3F-ACBD-5FDF37EA93CF}.Release|Any CPU.ActiveCfg = Release|Any CPU
		{8BB1055E-C9F5-4C3F-ACBD-5FDF37EA93CF}.Release|Any CPU.Build.0 = Release|Any CPU
		{8BB1055E-C9F5-4C3F-ACBD-5FDF37EA93CF}.Release|x64.ActiveCfg = Release|x64
		{8BB1055E-C9F5-4C3F-ACBD-5FDF37EA93CF}.Release|x64.Build.0 = Release|x64
		{32227C43-5B1A-4FE7-B981-034F5D9678C7}.Debug|Any CPU.ActiveCfg = Debug|Any CPU
		{32227C43-5B1A-4FE7-B981-034F5D9678C7}.Debug|Any CPU.Build.0 = Debug|Any CPU
		{32227C43-5B1A-4FE7-B981-034F5D9678C7}.Debug|x64.ActiveCfg = Debug|x64
		{32227C43-5B1A-4FE7-B981-034F5D9678C7}.Debug|x64.Build.0 = Debug|x64
		{32227C43-5B1A-4FE7-B981-034F5D9678C7}.Release|Any CPU.ActiveCfg = Release|Any CPU
		{32227C43-5B1A-4FE7-B981-034F5D9678C7}.Release|Any CPU.Build.0 = Release|Any CPU
		{32227C43-5B1A-4FE7-B981-034F5D9678C7}.Release|x64.ActiveCfg = Release|x64
		{32227C43-5B1A-4FE7-B981-034F5D9678C7}.Release|x64.Build.0 = Release|x64
		{2D85953F-369D-4872-AC92-A5A92450F46E}.Debug|Any CPU.ActiveCfg = Debug|Any CPU
		{2D85953F-369D-4872-AC92-A5A92450F46E}.Debug|Any CPU.Build.0 = Debug|Any CPU
		{2D85953F-369D-4872-AC92-A5A92450F46E}.Debug|x64.ActiveCfg = Debug|x64
		{2D85953F-369D-4872-AC92-A5A92450F46E}.Debug|x64.Build.0 = Debug|x64
		{2D85953F-369D-4872-AC92-A5A92450F46E}.Release|Any CPU.ActiveCfg = Release|Any CPU
		{2D85953F-369D-4872-AC92-A5A92450F46E}.Release|Any CPU.Build.0 = Release|Any CPU
		{2D85953F-369D-4872-AC92-A5A92450F46E}.Release|x64.ActiveCfg = Release|x64
		{2D85953F-369D-4872-AC92-A5A92450F46E}.Release|x64.Build.0 = Release|x64
		{2D94EC09-2860-4CBA-B9AF-804DC6B54828}.Debug|Any CPU.ActiveCfg = Debug|Any CPU
		{2D94EC09-2860-4CBA-B9AF-804DC6B54828}.Debug|Any CPU.Build.0 = Debug|Any CPU
		{2D94EC09-2860-4CBA-B9AF-804DC6B54828}.Debug|x64.ActiveCfg = Debug|x64
		{2D94EC09-2860-4CBA-B9AF-804DC6B54828}.Debug|x64.Build.0 = Debug|x64
		{2D94EC09-2860-4CBA-B9AF-804DC6B54828}.Release|Any CPU.ActiveCfg = Release|Any CPU
		{2D94EC09-2860-4CBA-B9AF-804DC6B54828}.Release|Any CPU.Build.0 = Release|Any CPU
		{2D94EC09-2860-4CBA-B9AF-804DC6B54828}.Release|x64.ActiveCfg = Release|x64
		{2D94EC09-2860-4CBA-B9AF-804DC6B54828}.Release|x64.Build.0 = Release|x64
		{7647CC87-5ADC-4E9B-85D0-81B49E61CC47}.Debug|Any CPU.ActiveCfg = Debug|Any CPU
		{7647CC87-5ADC-4E9B-85D0-81B49E61CC47}.Debug|Any CPU.Build.0 = Debug|Any CPU
		{7647CC87-5ADC-4E9B-85D0-81B49E61CC47}.Debug|x64.ActiveCfg = Debug|x64
		{7647CC87-5ADC-4E9B-85D0-81B49E61CC47}.Debug|x64.Build.0 = Debug|x64
		{7647CC87-5ADC-4E9B-85D0-81B49E61CC47}.Release|Any CPU.ActiveCfg = Release|Any CPU
		{7647CC87-5ADC-4E9B-85D0-81B49E61CC47}.Release|Any CPU.Build.0 = Release|Any CPU
		{7647CC87-5ADC-4E9B-85D0-81B49E61CC47}.Release|x64.ActiveCfg = Release|x64
		{7647CC87-5ADC-4E9B-85D0-81B49E61CC47}.Release|x64.Build.0 = Release|x64
		{2D76D9A1-04D1-4F88-BB77-3420B309DFA1}.Debug|Any CPU.ActiveCfg = Debug|Any CPU
		{2D76D9A1-04D1-4F88-BB77-3420B309DFA1}.Debug|Any CPU.Build.0 = Debug|Any CPU
		{2D76D9A1-04D1-4F88-BB77-3420B309DFA1}.Debug|x64.ActiveCfg = Debug|x64
		{2D76D9A1-04D1-4F88-BB77-3420B309DFA1}.Debug|x64.Build.0 = Debug|x64
		{2D76D9A1-04D1-4F88-BB77-3420B309DFA1}.Release|Any CPU.ActiveCfg = Release|Any CPU
		{2D76D9A1-04D1-4F88-BB77-3420B309DFA1}.Release|Any CPU.Build.0 = Release|Any CPU
		{2D76D9A1-04D1-4F88-BB77-3420B309DFA1}.Release|x64.ActiveCfg = Release|x64
		{2D76D9A1-04D1-4F88-BB77-3420B309DFA1}.Release|x64.Build.0 = Release|x64
	EndGlobalSection
	GlobalSection(SolutionProperties) = preSolution
		HideSolutionNode = FALSE
	EndGlobalSection
	GlobalSection(ExtensibilityGlobals) = postSolution
		SolutionGuid = {15400CCF-3FC1-45B8-ABBD-716C5D6CB0E3}
	EndGlobalSection
EndGlobal
